
Microsoft Visual Studio Solution File, Format Version 12.00
# Visual Studio Version 16
VisualStudioVersion = 16.0.30907.101
MinimumVisualStudioVersion = 10.0.40219.1
Project("{9A19103F-16F7-4668-BE54-9A1E7A4F7556}") = "SimpleFlashCards", "SimpleFlashCards\SimpleFlashCards.csproj", "{3628303F-0992-4528-8727-6E1E3DD938D1}"
EndProject
Global
	GlobalSection(SolutionConfigurationPlatforms) = preSolution
		Debug|Any CPU = Debug|Any CPU
		Release|Any CPU = Release|Any CPU
	EndGlobalSection
	GlobalSection(ProjectConfigurationPlatforms) = postSolution
		{3628303F-0992-4528-8727-6E1E3DD938D1}.Debug|Any CPU.ActiveCfg = Debug|Any CPU
		{3628303F-0992-4528-8727-6E1E3DD938D1}.Debug|Any CPU.Build.0 = Debug|Any CPU
		{3628303F-0992-4528-8727-6E1E3DD938D1}.Release|Any CPU.ActiveCfg = Release|Any CPU
		{3628303F-0992-4528-8727-6E1E3DD938D1}.Release|Any CPU.Build.0 = Release|Any CPU
	EndGlobalSection
	GlobalSection(SolutionProperties) = preSolution
		HideSolutionNode = FALSE
	EndGlobalSection
	GlobalSection(ExtensibilityGlobals) = postSolution
		SolutionGuid = {257296D7-1F4D-443A-9EB8-EEC6A00D2B69}
	EndGlobalSection
EndGlobal
